github.com/aws/aws-lambda-go v1.48.0 h1:1aZUYsrJu0yo5fC4z+Rba1KhNImXcJcvHu763BxoyIo=
github.com/aws/aws-lambda-go v1.48.0/go.mod h1:dpMpZgvWx5vuQJfBt0zqBha60q7Dd7RfgJv23DymV8A=
github.com/aws/aws-sdk-go-v2 v1.36.4 h1:GySzjhVvx0ERP6eyfAbAuAXLtAda5TEy19E5q5W8I9E=
github.com/aws/aws-sdk-go-v2 v1.36.4/go.mod h1:LLXuLpgzEbD766Z5ECcRmi8AzSwfZItDtmABVkRLGzg=
github.com/aws/aws-sdk-go-v2/config v1.29.16 h1:XkruGnXX1nEZ+Nyo9v84TzsX+nj86icbFAeust6uo8A=
github.com/aws/aws-sdk-go-v2/config v1.29.16/go.mod h1:uCW7PNjGwZ5cOGZ5jr8vCWrYkGIhPoTNV23Q/tpHKzg=
github.com/aws/aws-sdk-go-v2/credentials v1.17.69 h1:8B8ZQboRc3uaIKjshve/XlvJ570R7BKNy3gftSbS178=
github.com/aws/aws-sdk-go-v2/credentials v1.17.69/go.mod h1:gPME6I8grR1jCqBFEGthULiolzf/Sexq/Wy42ibKK9c=
github.com/aws/aws-sdk-go-v2/feature/ec2/imds v1.16.31 h1:oQWSGexYasNpYp4epLGZxxjsDo8BMBh6iNWkTXQvkwk=
github.com/aws/aws-sdk-go-v2/feature/ec2/imds v1.16.31/go.mod h1:nc332eGUU+djP3vrMI6blS0woaCfHTe3KiSQUVTMRq0=
github.com/aws/aws-sdk-go-v2/internal/configsources v1.3.35 h1:o1v1VFfPcDVlK3ll1L5xHsaQAFdNtZ5GXnNR7SwueC4=
github.com/aws/aws-sdk-go-v2/internal/configsources v1.3.35/go.mod h1:rZUQNYMNG+8uZxz9FOerQJ+FceCiodXvixpeRtdESrU=
github.com/aws/aws-sdk-go-v2/internal/endpoints/v2 v2.6.35 h1:R5b82ubO2NntENm3SAm0ADME+H630HomNJdgv+yZ3xw=
github.com/aws/aws-sdk-go-v2/internal/endpoints/v2 v2.6.35/go.mod h1:FuA+nmgMRfkzVKYDNEqQadvEMxtxl9+RLT9ribCwEMs=
github.com/aws/aws-sdk-go-v2/internal/ini v1.8.3 h1:bIqFDwgGXXN1Kpp99pDOdKMTTb5d2KyU5X/BZxjOkRo=
github.com/aws/aws-sdk-go-v2/internal/ini v1.8.3/go.mod h1:H5O/EsxDWyU+LP/V8i5sm8cxoZgc2fdNR9bxlOFrQTo=
github.com/aws/aws-sdk-go-v2/service/appconfigdata v1.19.2 h1:aFuLlHPz5nkRaXII2/62Q6mx0bDj2vwaa8CYywQayXk=
github.com/aws/aws-sdk-go-v2/service/appconfigdata v1.19.2/go.mod h1:fWUyUjh4myyP+SKj/RpARMzUM28MCEzLSBGgq/6l/r0=
github.com/aws/aws-sdk-go-v2/service/internal/accept-encoding v1.12.3 h1:eAh2A4b5IzM/lum78bZ590jy36+d/aFLgKF/4Vd1xPE=
github.com/aws/aws-sdk-go-v2/service/internal/accept-encoding v1.12.3/go.mod h1:0yKJC/kb8sAnmlYa6Zs3QVYqaC8ug2AbnNChv5Ox3uA=
github.com/aws/aws-sdk-go-v2/service/internal/presigned-url v1.12.16 h1:/ldKrPPXTC421bTNWrUIpq3CxwHwRI/kpc+jPUTJocM=
github.com/aws/aws-sdk-go-v2/service/internal/presigned-url v1.12.16/go.mod h1:5vkf/Ws0/wgIMJDQbjI4p2op86hNW6Hie5QtebrDgT8=
github.com/aws/aws-sdk-go-v2/service/ses v1.30.2 h1:idN+0zMCMQw0VtCHavmq0n/uaNeLi851q3XTa86oxHE=
github.com/aws/aws-sdk-go-v2/service/ses v1.30.2/go.mod h1:eZW5lSNTE1tQfMpl6crr/YVJYgEcnk2JQoodg6E63qM=
github.com/aws/aws-sdk-go-v2/service/sso v1.25.4 h1:EU58LP8ozQDVroOEyAfcq0cGc5R/FTZjVoYJ6tvby3w=
github.com/aws/aws-sdk-go-v2/service/sso v1.25.4/go.mod h1:CrtOgCcysxMvrCoHnvNAD7PHWclmoFG78Q2xLK0KKcs=
github.com/aws/aws-sdk-go-v2/service/ssooidc v1.30.2 h1:XB4z0hbQtpmBnb1FQYvKaCM7UsS6Y/u8jVBwIUGeCTk=
github.com/aws/aws-sdk-go-v2/service/ssooidc v1.30.2/go.mod h1:hwRpqkRxnQ58J9blRDrB4IanlXCpcKmsC83EhG77upg=
github.com/aws/aws-sdk-go-v2/service/sts v1.33.21 h1:nyLjs8sYJShFYj6aiyjCBI3EcLn1udWrQTjEF+SOXB0=
github.com/aws/aws-sdk-go-v2/service/sts v1.33.21/go.mod h1:EhdxtZ+g84MSGrSrHzZiUm9PYiZkrADNja15wtRJSJo=
github.com/aws/smithy-go v1.22.3 h1:Z//5NuZCSW6R4PhQ93hShNbyBbn8BWCmCVCt+Q8Io5k=
github.com/aws/smithy-go v1.22.3/go.mod h1:t1ufH5HMublsJYulve2RKmHDC15xu1f26kHCp/HgceI=
github.com/cloudflare/cloudflare-go v0.115.0 h1:84/dxeeXweCc0PN5Cto44iTA8AkG1fyT11yPO5ZB7sM=
github.com/cloudflare/cloudflare-go v0.115.0/go.mod h1:Ds6urDwn/TF2uIU24mu7H91xkKP8gSAHxQ44DSZgVmU=
github.com/davecgh/go-spew v1.1.1 h1:vj9j/u1bqnvCEfJOwUhtlOARqs3+rkHYY13jYWTU97c=
github.com/davecgh/go-spew v1.1.1/go.mod h1:J7Y8YcW2NihsgmVo/mv3lAwl/skON4iLHjSsI+c5H38=
github.com/goccy/go-json v0.10.5 h1:Fq85nIqj+gXn/S5ahsiTlK3TmC85qgirsdTP/+DeaC4=
github.com/goccy/go-json v0.10.5/go.mod h1:oq7eo15ShAhp70Anwd5lgX2pLfOS3QCiwU/PULtXL6M=
github.com/google/go-cmp v0.5.2/go.mod h1:v8dTdLbMG2kIc/vJvl+f65V22dbkXbowE6jgT/gNBxE=
github.com/google/go-cmp v0.5.8 h1:e6P7q2lk1O+qJJb4BtCQXlK8vWEO8V1ZeuEdJNOqZyg=
github.com/google/go-cmp v0.5.8/go.mod h1:17dUlkBOakJ0+DkrSSNjCkIjxS6bF9zb3elmeNGIjoY=
github.com/google/go-querystring v1.1.0 h1:AnCroh3fv4ZBgVIf1Iwtovgjaw/GiKJo8M8yD/fhyJ8=
github.com/google/go-querystring v1.1.0/go.mod h1:Kcdr2DB4koayq7X8pmAG4sNG59So17icRSOU623lUBU=
github.com/pmezard/go-difflib v1.0.0 h1:4DBwDE0NGyQoBHbLQYPwSUPoCMWR5BEzIk/f1lZbAQM=
github.com/pmezard/go-difflib v1.0.0/go.mod h1:iKH77koFhYxTK1pcRnkKkqfTogsbg7gZNVY4sRDYZ/4=
github.com/stretchr/testify v1.10.0 h1:Xv5erBjTwe/5IxqUQTdXv5kgmIvbHo3QQyRwhJsOfJA=
github.com/stretchr/testify v1.10.0/go.mod h1:r2ic/lqez/lEtzL7wO/rwa5dbSLXVDPFyf8C91i36aY=
golang.org/x/net v0.38.0 h1:vRMAPTMaeGqVhG5QyLJHqNDwecKTomGeqbnfZyKlBI8=
golang.org/x/net v0.38.0/go.mod h1:ivrbrMbzFq5J41QOQh0siUuly180yBYtLp+CKbEaFx8=
golang.org/x/text v0.23.0 h1:D71I7dUrlY+VX0gQShAThNGHFxZ13dGLBHQLVl1mJlY=
golang.org/x/text v0.23.0/go.mod h1:/BLNzu4aZCJ1+kcD0DNRotWKage4q2rGVAg4o22unh4=
golang.org/x/time v0.11.0 h1:/bpjEDfN9tkoN/ryeYHnv5hcMlc8ncjMcM4XBk5NWV0=
golang.org/x/time v0.11.0/go.mod h1:CDIdPxbZBQxdj6cxyCIdrNogrJKMJ7pr37NYpMcMDSg=
golang.org/x/xerrors v0.0.0-20191204190536-9bdfabe68543/go.mod h1:I/5z698sn9Ka8TeJc9MKroUUfqBBauWjQqLJ2OPfmY0=
gopkg.in/yaml.v3 v3.0.1 h1:fxVm/GzAzEWqLHuvctI91KS9hhNmmWOoWu0XTYJS7CA=
gopkg.in/yaml.v3 v3.0.1/go.mod h1:K4uyk7z7BCEPqu6E+C64Yfv1cQ7kz7rIZviUmN+EgEM=
